
Microsoft Visual Studio Solution File, Format Version 12.00
# Visual Studio Version 16
VisualStudioVersion = 16.0.29230.47
MinimumVisualStudioVersion = 10.0.40219.1
Project("{9A19103F-16F7-4668-BE54-9A1E7A4F7556}") = "Menu", "Menu\Menu.csproj", "{2F5F801D-C838-4C96-A2BE-A40C4DFFB719}"
EndProject
Project("{9A19103F-16F7-4668-BE54-9A1E7A4F7556}") = "MenuTest", "MenuTest\MenuTest.csproj", "{28FA195A-1488-4A0E-AD40-F1133624DD80}"
EndProject
Project("{FAE04EC0-301F-11D3-BF4B-00C04F79EFBC}") = "PointOfSale", "PointOfSale\PointOfSale.csproj", "{9FABDA8A-4F96-4763-A7C3-41AC367CE151}"
EndProject
Project("{2150E333-8FDC-42A3-9474-1A3956D46DE8}") = "Solution Items", "Solution Items", "{7C1B5B40-5F15-4A99-B8ED-14F389DAAD58}"
	ProjectSection(SolutionItems) = preProject
		..\..\..\Pictures\brontosaurus.png = ..\..\..\Pictures\brontosaurus.png
		Dino.jpg = Dino.jpg
		..\..\..\..\Downloads\Dino Diner PNG\Dino Diner PNG\DinoDiner-01.png = ..\..\..\..\Downloads\Dino Diner PNG\Dino Diner PNG\DinoDiner-01.png
		..\..\..\..\Downloads\Dino Diner PNG\Dino Diner PNG\DinoDiner-02.png = ..\..\..\..\Downloads\Dino Diner PNG\Dino Diner PNG\DinoDiner-02.png
		..\..\..\..\Downloads\Dino Diner PNG\Dino Diner PNG\DinoDiner-03.png = ..\..\..\..\Downloads\Dino Diner PNG\Dino Diner PNG\DinoDiner-03.png
		..\..\..\..\Downloads\Dino Diner PNG\Dino Diner PNG\DinoDiner-04.png = ..\..\..\..\Downloads\Dino Diner PNG\Dino Diner PNG\DinoDiner-04.png
		..\..\..\..\Downloads\Dino Diner PNG\Dino Diner PNG\DinoDiner-05.png = ..\..\..\..\Downloads\Dino Diner PNG\Dino Diner PNG\DinoDiner-05.png
		..\..\..\..\Downloads\Dino Diner PNG\Dino Diner PNG\DinoDiner-06.png = ..\..\..\..\Downloads\Dino Diner PNG\Dino Diner PNG\DinoDiner-06.png
		..\..\..\..\Downloads\Dino Diner PNG\Dino Diner PNG\DinoDiner-07.png = ..\..\..\..\Downloads\Dino Diner PNG\Dino Diner PNG\DinoDiner-07.png
		..\..\..\..\Downloads\Dino Diner PNG\Dino Diner PNG\DinoDiner-08.png = ..\..\..\..\Downloads\Dino Diner PNG\Dino Diner PNG\DinoDiner-08.png
		..\..\..\..\Downloads\Dino Diner PNG\Dino Diner PNG\DinoDiner-09.png = ..\..\..\..\Downloads\Dino Diner PNG\Dino Diner PNG\DinoDiner-09.png
		..\..\..\..\Downloads\Dino Diner PNG\Dino Diner PNG\DinoDiner-10.png = ..\..\..\..\Downloads\Dino Diner PNG\Dino Diner PNG\DinoDiner-10.png
		..\..\..\..\Downloads\Dino Diner PNG\Dino Diner PNG\DinoDiner-11.png = ..\..\..\..\Downloads\Dino Diner PNG\Dino Diner PNG\DinoDiner-11.png
		..\..\..\..\Downloads\Dino Diner PNG\Dino Diner PNG\DinoDiner-12.png = ..\..\..\..\Downloads\Dino Diner PNG\Dino Diner PNG\DinoDiner-12.png
		..\..\..\..\Downloads\Dino Diner PNG\Dino Diner PNG\DinoDiner-13.png = ..\..\..\..\Downloads\Dino Diner PNG\Dino Diner PNG\DinoDiner-13.png
		..\..\..\..\Downloads\Dino Diner PNG\Dino Diner PNG\DinoDiner-14.png = ..\..\..\..\Downloads\Dino Diner PNG\Dino Diner PNG\DinoDiner-14.png
		..\..\..\..\Downloads\Dino Diner PNG\Dino Diner PNG\DinoDiner-15.png = ..\..\..\..\Downloads\Dino Diner PNG\Dino Diner PNG\DinoDiner-15.png
		..\..\..\Pictures\pterodactyl.png = ..\..\..\Pictures\pterodactyl.png
		..\..\..\Pictures\Raptor.png = ..\..\..\Pictures\Raptor.png
		..\..\..\Pictures\stegosaurus.png = ..\..\..\Pictures\stegosaurus.png
		..\..\..\Pictures\T-Rex.png = ..\..\..\Pictures\T-Rex.png
	EndProjectSection
EndProject
Global
	GlobalSection(SolutionConfigurationPlatforms) = preSolution
		Debug|Any CPU = Debug|Any CPU
		Release|Any CPU = Release|Any CPU
	EndGlobalSection
	GlobalSection(ProjectConfigurationPlatforms) = postSolution
		{2F5F801D-C838-4C96-A2BE-A40C4DFFB719}.Debug|Any CPU.ActiveCfg = Debug|Any CPU
		{2F5F801D-C838-4C96-A2BE-A40C4DFFB719}.Debug|Any CPU.Build.0 = Debug|Any CPU
		{2F5F801D-C838-4C96-A2BE-A40C4DFFB719}.Release|Any CPU.ActiveCfg = Release|Any CPU
		{2F5F801D-C838-4C96-A2BE-A40C4DFFB719}.Release|Any CPU.Build.0 = Release|Any CPU
		{28FA195A-1488-4A0E-AD40-F1133624DD80}.Debug|Any CPU.ActiveCfg = Debug|Any CPU
		{28FA195A-1488-4A0E-AD40-F1133624DD80}.Debug|Any CPU.Build.0 = Debug|Any CPU
		{28FA195A-1488-4A0E-AD40-F1133624DD80}.Release|Any CPU.ActiveCfg = Release|Any CPU
		{28FA195A-1488-4A0E-AD40-F1133624DD80}.Release|Any CPU.Build.0 = Release|Any CPU
		{9FABDA8A-4F96-4763-A7C3-41AC367CE151}.Debug|Any CPU.ActiveCfg = Debug|Any CPU
		{9FABDA8A-4F96-4763-A7C3-41AC367CE151}.Debug|Any CPU.Build.0 = Debug|Any CPU
		{9FABDA8A-4F96-4763-A7C3-41AC367CE151}.Release|Any CPU.ActiveCfg = Release|Any CPU
		{9FABDA8A-4F96-4763-A7C3-41AC367CE151}.Release|Any CPU.Build.0 = Release|Any CPU
	EndGlobalSection
	GlobalSection(SolutionProperties) = preSolution
		HideSolutionNode = FALSE
	EndGlobalSection
	GlobalSection(ExtensibilityGlobals) = postSolution
		SolutionGuid = {42649733-68C3-4B54-9F3F-A7F8149E45A1}
	EndGlobalSection
EndGlobal
